
Microsoft Visual Studio Solution File, Format Version 12.00
# Visual Studio Version 17
VisualStudioVersion = 17.0.31903.59
MinimumVisualStudioVersion = 10.0.40219.1
Project("{2150E333-8FDC-42A3-9474-1A3956D46DE8}") = "src", "src", "{827E0CD3-B72D-47B6-A68D-7590B98EB39B}"
EndProject
Project("{FAE04EC0-301F-11D3-BF4B-00C04F79EFBC}") = "TodoApp.Core", "src\TodoApp.Core\TodoApp.Core.csproj", "{CF111142-53F7-4D17-9F38-C70C47C07572}"
EndProject
Project("{FAE04EC0-301F-11D3-BF4B-00C04F79EFBC}") = "TodoApp.Data", "src\TodoApp.Data\TodoApp.Data.csproj", "{C85284F9-7C03-4F1D-9727-6C314B4FB6B7}"
EndProject
Project("{FAE04EC0-301F-11D3-BF4B-00C04F79EFBC}") = "TodoApp.Cli", "src\TodoApp.Cli\TodoApp.Cli.csproj", "{E46A4C71-9D48-431C-A8A7-AD8F2487AC0E}"
EndProject
Project("{2150E333-8FDC-42A3-9474-1A3956D46DE8}") = "tests", "tests", "{0AB3BF05-4346-4AA6-1389-037BE0695223}"
EndProject
Project("{FAE04EC0-301F-11D3-BF4B-00C04F79EFBC}") = "TodoApp.Tests", "tests\TodoApp.Tests\TodoApp.Tests.csproj", "{A998EF90-62AB-4BE1-AE64-1398BD591C92}"
EndProject
Project("{2150E333-8FDC-42A3-9474-1A3956D46DE8}") = "Solution Items", "Solution Items", "{8EC462FD-D22E-90A8-E5CE-7E832BA40C5D}"
	ProjectSection(SolutionItems) = preProject
		global.json = global.json
	EndProjectSection
EndProject
Global
	GlobalSection(SolutionConfigurationPlatforms) = preSolution
		Debug|Any CPU = Debug|Any CPU
		Debug|x64 = Debug|x64
		Debug|x86 = Debug|x86
		Release|Any CPU = Release|Any CPU
		Release|x64 = Release|x64
		Release|x86 = Release|x86
	EndGlobalSection
	GlobalSection(ProjectConfigurationPlatforms) = postSolution
		{CF111142-53F7-4D17-9F38-C70C47C07572}.Debug|Any CPU.ActiveCfg = Debug|Any CPU
		{CF111142-53F7-4D17-9F38-C70C47C07572}.Debug|Any CPU.Build.0 = Debug|Any CPU
		{CF111142-53F7-4D17-9F38-C70C47C07572}.Debug|x64.ActiveCfg = Debug|Any CPU
		{CF111142-53F7-4D17-9F38-C70C47C07572}.Debug|x64.Build.0 = Debug|Any CPU
		{CF111142-53F7-4D17-9F38-C70C47C07572}.Debug|x86.ActiveCfg = Debug|Any CPU
		{CF111142-53F7-4D17-9F38-C70C47C07572}.Debug|x86.Build.0 = Debug|Any CPU
		{CF111142-53F7-4D17-9F38-C70C47C07572}.Release|Any CPU.ActiveCfg = Release|Any CPU
		{CF111142-53F7-4D17-9F38-C70C47C07572}.Release|Any CPU.Build.0 = Release|Any CPU
		{CF111142-53F7-4D17-9F38-C70C47C07572}.Release|x64.ActiveCfg = Release|Any CPU
		{CF111142-53F7-4D17-9F38-C70C47C07572}.Release|x64.Build.0 = Release|Any CPU
		{CF111142-53F7-4D17-9F38-C70C47C07572}.Release|x86.ActiveCfg = Release|Any CPU
		{CF111142-53F7-4D17-9F38-C70C47C07572}.Release|x86.Build.0 = Release|Any CPU
		{C85284F9-7C03-4F1D-9727-6C314B4FB6B7}.Debug|Any CPU.ActiveCfg = Debug|Any CPU
		{C85284F9-7C03-4F1D-9727-6C314B4FB6B7}.Debug|Any CPU.Build.0 = Debug|Any CPU
		{C85284F9-7C03-4F1D-9727-6C314B4FB6B7}.Debug|x64.ActiveCfg = Debug|Any CPU
		{C85284F9-7C03-4F1D-9727-6C314B4FB6B7}.Debug|x64.Build.0 = Debug|Any CPU
		{C85284F9-7C03-4F1D-9727-6C314B4FB6B7}.Debug|x86.ActiveCfg = Debug|Any CPU
		{C85284F9-7C03-4F1D-9727-6C314B4FB6B7}.Debug|x86.Build.0 = Debug|Any CPU
		{C85284F9-7C03-4F1D-9727-6C314B4FB6B7}.Release|Any CPU.ActiveCfg = Release|Any CPU
		{C85284F9-7C03-4F1D-9727-6C314B4FB6B7}.Release|Any CPU.Build.0 = Release|Any CPU
		{C85284F9-7C03-4F1D-9727-6C314B4FB6B7}.Release|x64.ActiveCfg = Release|Any CPU
		{C85284F9-7C03-4F1D-9727-6C314B4FB6B7}.Release|x64.Build.0 = Release|Any CPU
		{C85284F9-7C03-4F1D-9727-6C314B4FB6B7}.Release|x86.ActiveCfg = Release|Any CPU
		{C85284F9-7C03-4F1D-9727-6C314B4FB6B7}.Release|x86.Build.0 = Release|Any CPU
		{E46A4C71-9D48-431C-A8A7-AD8F2487AC0E}.Debug|Any CPU.ActiveCfg = Debug|Any CPU
		{E46A4C71-9D48-431C-A8A7-AD8F2487AC0E}.Debug|Any CPU.Build.0 = Debug|Any CPU
		{E46A4C71-9D48-431C-A8A7-AD8F2487AC0E}.Debug|x64.ActiveCfg = Debug|Any CPU
		{E46A4C71-9D48-431C-A8A7-AD8F2487AC0E}.Debug|x64.Build.0 = Debug|Any CPU
		{E46A4C71-9D48-431C-A8A7-AD8F2487AC0E}.Debug|x86.ActiveCfg = Debug|Any CPU
		{E46A4C71-9D48-431C-A8A7-AD8F2487AC0E}.Debug|x86.Build.0 = Debug|Any CPU
		{E46A4C71-9D48-431C-A8A7-AD8F2487AC0E}.Release|Any CPU.ActiveCfg = Release|Any CPU
		{E46A4C71-9D48-431C-A8A7-AD8F2487AC0E}.Release|Any CPU.Build.0 = Release|Any CPU
		{E46A4C71-9D48-431C-A8A7-AD8F2487AC0E}.Release|x64.ActiveCfg = Release|Any CPU
		{E46A4C71-9D48-431C-A8A7-AD8F2487AC0E}.Release|x64.Build.0 = Release|Any CPU
		{E46A4C71-9D48-431C-A8A7-AD8F2487AC0E}.Release|x86.ActiveCfg = Release|Any CPU
		{E46A4C71-9D48-431C-A8A7-AD8F2487AC0E}.Release|x86.Build.0 = Release|Any CPU
		{A998EF90-62AB-4BE1-AE64-1398BD591C92}.Debug|Any CPU.ActiveCfg = Debug|Any CPU
		{A998EF90-62AB-4BE1-AE64-1398BD591C92}.Debug|Any CPU.Build.0 = Debug|Any CPU
		{A998EF90-62AB-4BE1-AE64-1398BD591C92}.Debug|x64.ActiveCfg = Debug|Any CPU
		{A998EF90-62AB-4BE1-AE64-1398BD591C92}.Debug|x64.Build.0 = Debug|Any CPU
		{A998EF90-62AB-4BE1-AE64-1398BD591C92}.Debug|x86.ActiveCfg = Debug|Any CPU
		{A998EF90-62AB-4BE1-AE64-1398BD591C92}.Debug|x86.Build.0 = Debug|Any CPU
		{A998EF90-62AB-4BE1-AE64-1398BD591C92}.Release|Any CPU.ActiveCfg = Release|Any CPU
		{A998EF90-62AB-4BE1-AE64-1398BD591C92}.Release|Any CPU.Build.0 = Release|Any CPU
		{A998EF90-62AB-4BE1-AE64-1398BD591C92}.Release|x64.ActiveCfg = Release|Any CPU
		{A998EF90-62AB-4BE1-AE64-1398BD591C92}.Release|x64.Build.0 = Release|Any CPU
		{A998EF90-62AB-4BE1-AE64-1398BD591C92}.Release|x86.ActiveCfg = Release|Any CPU
		{A998EF90-62AB-4BE1-AE64-1398BD591C92}.Release|x86.Build.0 = Release|Any CPU
	EndGlobalSection
	GlobalSection(SolutionProperties) = preSolution
		HideSolutionNode = FALSE
	EndGlobalSection
	GlobalSection(NestedProjects) = preSolution
		{CF111142-53F7-4D17-9F38-C70C47C07572} = {827E0CD3-B72D-47B6-A68D-7590B98EB39B}
		{C85284F9-7C03-4F1D-9727-6C314B4FB6B7} = {827E0CD3-B72D-47B6-A68D-7590B98EB39B}
		{E46A4C71-9D48-431C-A8A7-AD8F2487AC0E} = {827E0CD3-B72D-47B6-A68D-7590B98EB39B}
		{A998EF90-62AB-4BE1-AE64-1398BD591C92} = {0AB3BF05-4346-4AA6-1389-037BE0695223}
	EndGlobalSection
	GlobalSection(ExtensibilityGlobals) = postSolution
		SolutionGuid = {BDA4E5F5-809D-4D66-A425-43B697620598}
	EndGlobalSection
EndGlobal
